
Microsoft Visual Studio Solution File, Format Version 12.00
# Visual Studio Version 16
VisualStudioVersion = 16.0.29806.167
MinimumVisualStudioVersion = 10.0.40219.1
Project("{9A19103F-16F7-4668-BE54-9A1E7A4F7556}") = "Nem", "Nem\Nem.csproj", "{729BA70D-7B3C-482D-8D76-E8891E6CC6F1}"
EndProject
Project("{FAE04EC0-301F-11D3-BF4B-00C04F79EFBC}") = "UnitTests", "UnitTestProductBranch\UnitTests.csproj", "{3FC4EC53-6EFB-4405-9D13-A2DE80F927FC}"
EndProject
Global
	GlobalSection(SolutionConfigurationPlatforms) = preSolution
		Debug|Any CPU = Debug|Any CPU
		Release|Any CPU = Release|Any CPU
	EndGlobalSection
	GlobalSection(ProjectConfigurationPlatforms) = postSolution
		{729BA70D-7B3C-482D-8D76-E8891E6CC6F1}.Debug|Any CPU.ActiveCfg = Debug|Any CPU
		{729BA70D-7B3C-482D-8D76-E8891E6CC6F1}.Debug|Any CPU.Build.0 = Debug|Any CPU
		{729BA70D-7B3C-482D-8D76-E8891E6CC6F1}.Release|Any CPU.ActiveCfg = Release|Any CPU
		{729BA70D-7B3C-482D-8D76-E8891E6CC6F1}.Release|Any CPU.Build.0 = Release|Any CPU
		{3FC4EC53-6EFB-4405-9D13-A2DE80F927FC}.Debug|Any CPU.ActiveCfg = Debug|Any CPU
		{3FC4EC53-6EFB-4405-9D13-A2DE80F927FC}.Debug|Any CPU.Build.0 = Debug|Any CPU
		{3FC4EC53-6EFB-4405-9D13-A2DE80F927FC}.Release|Any CPU.ActiveCfg = Release|Any CPU
		{3FC4EC53-6EFB-4405-9D13-A2DE80F927FC}.Release|Any CPU.Build.0 = Release|Any CPU
	EndGlobalSection
	GlobalSection(SolutionProperties) = preSolution
		HideSolutionNode = FALSE
	EndGlobalSection
	GlobalSection(ExtensibilityGlobals) = postSolution
		SolutionGuid = {152789A6-0239-40EE-B6AF-FC055534D101}
	EndGlobalSection
EndGlobal
